// !$*UTF8*$!
{
	archiveVersion = 1;
	classes = {
	};
	objectVersion = 77;
	objects = {

/* Begin PBXBuildFile section */
		41FED52B2E09C4A300551E35 /* DatalyrSDK in Frameworks */ = {isa = PBXBuildFile; productRef = 41FED52A2E09C4A300551E35 /* DatalyrSDK */; };
/* End PBXBuildFile section */

/* Begin PBXContainerItemProxy section */
		41FED50D2E09C38800551E35 /* PBXContainerItemProxy */ = {
			isa = PBXContainerItemProxy;
			containerPortal = 41FED4F42E09C38700551E35 /* Project object */;
			proxyType = 1;
			remoteGlobalIDString = 41FED4FB2E09C38700551E35;
			remoteInfo = DatalyrTestApp;
		};
		41FED5172E09C38800551E35 /* PBXContainerItemProxy */ = {
			isa = PBXContainerItemProxy;
			containerPortal = 41FED4F42E09C38700551E35 /* Project object */;
			proxyType = 1;
			remoteGlobalIDString = 41FED4FB2E09C38700551E35;
			remoteInfo = DatalyrTestApp;
		};
/* End PBXContainerItemProxy section */

/* Begin PBXFileReference section */
		41FED4FC2E09C38700551E35 /* DatalyrTestApp.app */ = {isa = PBXFileReference; explicitFileType = wrapper.application; includeInIndex = 0; path = DatalyrTestApp.app; sourceTree = BUILT_PRODUCTS_DIR; };
		41FED50C2E09C38800551E35 /* DatalyrTestAppTests.xctest */ = {isa = PBXFileReference; explicitFileType = wrapper.cfbundle; includeInIndex = 0; path = DatalyrTestAppTests.xctest; sourceTree = BUILT_PRODUCTS_DIR; };
		41FED5162E09C38800551E35 /* DatalyrTestAppUITests.xctest */ = {isa = PBXFileReference; explicitFileType = wrapper.cfbundle; includeInIndex = 0; path = DatalyrTestAppUITests.xctest; sourceTree = BUILT_PRODUCTS_DIR; };
/* End PBXFileReference section */

/* Begin PBXFileSystemSynchronizedRootGroup section */
		41FED4FE2E09C38700551E35 /* DatalyrTestApp */ = {
			isa = PBXFileSystemSynchronizedRootGroup;
			path = DatalyrTestApp;
			sourceTree = "<group>";
		};
		41FED50F2E09C38800551E35 /* DatalyrTestAppTests */ = {
			isa = PBXFileSystemSynchronizedRootGroup;
			path = DatalyrTestAppTests;
			sourceTree = "<group>";
		};
		41FED5192E09C38800551E35 /* DatalyrTestAppUITests */ = {
			isa = PBXFileSystemSynchronizedRootGroup;
			path = DatalyrTestAppUITests;
			sourceTree = "<group>";
		};
/* End PBXFileSystemSynchronizedRootGroup section */

/* Begin PBXFrameworksBuildPhase section */
		41FED4F92E09C38700551E35 /* Frameworks */ = {
			isa = PBXFrameworksBuildPhase;
			buildActionMask = 2147483647;
			files = (
				41FED52B2E09C4A300551E35 /* DatalyrSDK in Frameworks */,
			);
			runOnlyForDeploymentPostprocessing = 0;
		};
		41FED5092E09C38800551E35 /* Frameworks */ = {
			isa = PBXFrameworksBuildPhase;
			buildActionMask = 2147483647;
			files = (
			);
			runOnlyForDeploymentPostprocessing = 0;
		};
		41FED5132E09C38800551E35 /* Frameworks */ = {
			isa = PBXFrameworksBuildPhase;
			buildActionMask = 2147483647;
			files = (
			);
			runOnlyForDeploymentPostprocessing = 0;
		};
/* End PBXFrameworksBuildPhase section */

/* Begin PBXGroup section */
		41FED4F32E09C38700551E35 = {
			isa = PBXGroup;
			children = (
				41FED4FE2E09C38700551E35 /* DatalyrTestApp */,
				41FED50F2E09C38800551E35 /* DatalyrTestAppTests */,
				41FED5192E09C38800551E35 /* DatalyrTestAppUITests */,
				41FED4FD2E09C38700551E35 /* Products */,
			);
			sourceTree = "<group>";
		};
		41FED4FD2E09C38700551E35 /* Products */ = {
			isa = PBXGroup;
			children = (
				41FED4FC2E09C38700551E35 /* DatalyrTestApp.app */,
				41FED50C2E09C38800551E35 /* DatalyrTestAppTests.xctest */,
				41FED5162E09C38800551E35 /* DatalyrTestAppUITests.xctest */,
			);
			name = Products;
			sourceTree = "<group>";
		};
/* End PBXGroup section */

/* Begin PBXNativeTarget section */
		41FED4FB2E09C38700551E35 /* DatalyrTestApp */ = {
			isa = PBXNativeTarget;
			buildConfigurationList = 41FED5202E09C38800551E35 /* Build configuration list for PBXNativeTarget "DatalyrTestApp" */;
			buildPhases = (
				41FED4F82E09C38700551E35 /* Sources */,
				41FED4F92E09C38700551E35 /* Frameworks */,
				41FED4FA2E09C38700551E35 /* Resources */,
			);
			buildRules = (
			);
			dependencies = (
			);
			fileSystemSynchronizedGroups = (
				41FED4FE2E09C38700551E35 /* DatalyrTestApp */,
			);
			name = DatalyrTestApp;
			packageProductDependencies = (
				41FED52A2E09C4A300551E35 /* DatalyrSDK */,
			);
			productName = DatalyrTestApp;
			productReference = 41FED4FC2E09C38700551E35 /* DatalyrTestApp.app */;
			productType = "com.apple.product-type.application";
		};
		41FED50B2E09C38800551E35 /* DatalyrTestAppTests */ = {
			isa = PBXNativeTarget;
			buildConfigurationList = 41FED5232E09C38800551E35 /* Build configuration list for PBXNativeTarget "DatalyrTestAppTests" */;
			buildPhases = (
				41FED5082E09C38800551E35 /* Sources */,
				41FED5092E09C38800551E35 /* Frameworks */,
				41FED50A2E09C38800551E35 /* Resources */,
			);
			buildRules = (
			);
			dependencies = (
				41FED50E2E09C38800551E35 /* PBXTargetDependency */,
			);
			fileSystemSynchronizedGroups = (
				41FED50F2E09C38800551E35 /* DatalyrTestAppTests */,
			);
			name = DatalyrTestAppTests;
			packageProductDependencies = (
			);
			productName = DatalyrTestAppTests;
			productReference = 41FED50C2E09C38800551E35 /* DatalyrTestAppTests.xctest */;
			productType = "com.apple.product-type.bundle.unit-test";
		};
		41FED5152E09C38800551E35 /* DatalyrTestAppUITests */ = {
			isa = PBXNativeTarget;
			buildConfigurationList = 41FED5262E09C38800551E35 /* Build configuration list for PBXNativeTarget "DatalyrTestAppUITests" */;
			buildPhases = (
				41FED5122E09C38800551E35 /* Sources */,
				41FED5132E09C38800551E35 /* Frameworks */,
				41FED5142E09C38800551E35 /* Resources */,
			);
			buildRules = (
			);
			dependencies = (
				41FED5182E09C38800551E35 /* PBXTargetDependency */,
			);
			fileSystemSynchronizedGroups = (
				41FED5192E09C38800551E35 /* DatalyrTestAppUITests */,
			);
			name = DatalyrTestAppUITests;
			packageProductDependencies = (
			);
			productName = DatalyrTestAppUITests;
			productReference = 41FED5162E09C38800551E35 /* DatalyrTestAppUITests.xctest */;
			productType = "com.apple.product-type.bundle.ui-testing";
		};
/* End PBXNativeTarget section */

/* Begin PBXProject section */
		41FED4F42E09C38700551E35 /* Project object */ = {
			isa = PBXProject;
			attributes = {
				BuildIndependentTargetsInParallel = 1;
				LastSwiftUpdateCheck = 1610;
				LastUpgradeCheck = 1610;
				TargetAttributes = {
					41FED4FB2E09C38700551E35 = {
						CreatedOnToolsVersion = 16.1;
					};
					41FED50B2E09C38800551E35 = {
						CreatedOnToolsVersion = 16.1;
						TestTargetID = 41FED4FB2E09C38700551E35;
					};
					41FED5152E09C38800551E35 = {
						CreatedOnToolsVersion = 16.1;
						TestTargetID = 41FED4FB2E09C38700551E35;
					};
				};
			};
			buildConfigurationList = 41FED4F72E09C38700551E35 /* Build configuration list for PBXProject "DatalyrTestApp" */;
			developmentRegion = en;
			hasScannedForEncodings = 0;
			knownRegions = (
				en,
				Base,
			);
			mainGroup = 41FED4F32E09C38700551E35;
			minimizedProjectReferenceProxies = 1;
			packageReferences = (
				41FED5292E09C4A300551E35 /* XCRemoteSwiftPackageReference "datalyr-ios-sdk" */,
			);
			preferredProjectObjectVersion = 77;
			productRefGroup = 41FED4FD2E09C38700551E35 /* Products */;
			projectDirPath = "";
			projectRoot = "";
			targets = (
				41FED4FB2E09C38700551E35 /* DatalyrTestApp */,
				41FED50B2E09C38800551E35 /* DatalyrTestAppTests */,
				41FED5152E09C38800551E35 /* DatalyrTestAppUITests */,
			);
		};
/* End PBXProject section */

/* Begin PBXResourcesBuildPhase section */
		41FED4FA2E09C38700551E35 /* Resources */ = {
			isa = PBXResourcesBuildPhase;
			buildActionMask = 2147483647;
			files = (
			);
			runOnlyForDeploymentPostprocessing = 0;
		};
		41FED50A2E09C38800551E35 /* Resources */ = {
			isa = PBXResourcesBuildPhase;
			buildActionMask = 2147483647;
			files = (
			);
			runOnlyForDeploymentPostprocessing = 0;
		};
		41FED5142E09C38800551E35 /* Resources */ = {
			isa = PBXResourcesBuildPhase;
			buildActionMask = 2147483647;
			files = (
			);
			runOnlyForDeploymentPostprocessing = 0;
		};
/* End PBXResourcesBuildPhase section */

/* Begin PBXSourcesBuildPhase section */
		41FED4F82E09C38700551E35 /* Sources */ = {
			isa = PBXSourcesBuildPhase;
			buildActionMask = 2147483647;
			files = (
			);
			runOnlyForDeploymentPostprocessing = 0;
		};
		41FED5082E09C38800551E35 /* Sources */ = {
			isa = PBXSourcesBuildPhase;
			buildActionMask = 2147483647;
			files = (
			);
			runOnlyForDeploymentPostprocessing = 0;
		};
		41FED5122E09C38800551E35 /* Sources */ = {
			isa = PBXSourcesBuildPhase;
			buildActionMask = 2147483647;
			files = (
			);
			runOnlyForDeploymentPostprocessing = 0;
		};
/* End PBXSourcesBuildPhase section */

/* Begin PBXTargetDependency section */
		41FED50E2E09C38800551E35 /* PBXTargetDependency */ = {
			isa = PBXTargetDependency;
			target = 41FED4FB2E09C38700551E35 /* DatalyrTestApp */;
			targetProxy = 41FED50D2E09C38800551E35 /* PBXContainerItemProxy */;
		};
		41FED5182E09C38800551E35 /* PBXTargetDependency */ = {
			isa = PBXTargetDependency;
			target = 41FED4FB2E09C38700551E35 /* DatalyrTestApp */;
			targetProxy = 41FED5172E09C38800551E35 /* PBXContainerItemProxy */;
		};
/* End PBXTargetDependency section */

/* Begin XCBuildConfiguration section */
		41FED51E2E09C38800551E35 /* Debug */ = {
			isa = XCBuildConfiguration;
			buildSettings = {
				ALWAYS_SEARCH_USER_PATHS = NO;
				ASSETCATALOG_COMPILER_GENERATE_SWIFT_ASSET_SYMBOL_EXTENSIONS = YES;
				CLANG_ANALYZER_NONNULL = YES;
				CLANG_ANALYZER_NUMBER_OBJECT_CONVERSION = YES_AGGRESSIVE;
				CLANG_CXX_LANGUAGE_STANDARD = "gnu++20";
				CLANG_ENABLE_MODULES = YES;
				CLANG_ENABLE_OBJC_ARC = YES;
				CLANG_ENABLE_OBJC_WEAK = YES;
				CLANG_WARN_BLOCK_CAPTURE_AUTORELEASING = YES;
				CLANG_WARN_BOOL_CONVERSION = YES;
				CLANG_WARN_COMMA = YES;
				CLANG_WARN_CONSTANT_CONVERSION = YES;
				CLANG_WARN_DEPRECATED_OBJC_IMPLEMENTATIONS = YES;
				CLANG_WARN_DIRECT_OBJC_ISA_USAGE = YES_ERROR;
				CLANG_WARN_DOCUMENTATION_COMMENTS = YES;
				CLANG_WARN_EMPTY_BODY = YES;
				CLANG_WARN_ENUM_CONVERSION = YES;
				CLANG_WARN_INFINITE_RECURSION = YES;
				CLANG_WARN_INT_CONVERSION = YES;
				CLANG_WARN_NON_LITERAL_NULL_CONVERSION = YES;
				CLANG_WARN_OBJC_IMPLICIT_RETAIN_SELF = YES;
				CLANG_WARN_OBJC_LITERAL_CONVERSION = YES;
				CLANG_WARN_OBJC_ROOT_CLASS = YES_ERROR;
				CLANG_WARN_QUOTED_INCLUDE_IN_FRAMEWORK_HEADER = YES;
				CLANG_WARN_RANGE_LOOP_ANALYSIS = YES;
				CLANG_WARN_STRICT_PROTOTYPES = YES;
				CLANG_WARN_SUSPICIOUS_MOVE = YES;
				CLANG_WARN_UNGUARDED_AVAILABILITY = YES_AGGRESSIVE;
				CLANG_WARN_UNREACHABLE_CODE = YES;
				CLANG_WARN__DUPLICATE_METHOD_MATCH = YES;
				COPY_PHASE_STRIP = NO;
				DEBUG_INFORMATION_FORMAT = dwarf;
				ENABLE_STRICT_OBJC_MSGSEND = YES;
				ENABLE_TESTABILITY = YES;
				ENABLE_USER_SCRIPT_SANDBOXING = YES;
				GCC_C_LANGUAGE_STANDARD = gnu17;
				GCC_DYNAMIC_NO_PIC = NO;
				GCC_NO_COMMON_BLOCKS = YES;
				GCC_OPTIMIZATION_LEVEL = 0;
				GCC_PREPROCESSOR_DEFINITIONS = (
					"DEBUG=1",
					"$(inherited)",
				);
				GCC_WARN_64_TO_32_BIT_CONVERSION = YES;
				GCC_WARN_ABOUT_RETURN_TYPE = YES_ERROR;
				GCC_WARN_UNDECLARED_SELECTOR = YES;
				GCC_WARN_UNINITIALIZED_AUTOS = YES_AGGRESSIVE;
				GCC_WARN_UNUSED_FUNCTION = YES;
				GCC_WARN_UNUSED_VARIABLE = YES;
				IPHONEOS_DEPLOYMENT_TARGET = 18.1;
				LOCALIZATION_PREFERS_STRING_CATALOGS = YES;
				MTL_ENABLE_DEBUG_INFO = INCLUDE_SOURCE;
				MTL_FAST_MATH = YES;
				ONLY_ACTIVE_ARCH = YES;
				SDKROOT = iphoneos;
				SWIFT_ACTIVE_COMPILATION_CONDITIONS = "DEBUG $(inherited)";
				SWIFT_OPTIMIZATION_LEVEL = "-Onone";
			};
			name = Debug;
		};
		41FED51F2E09C38800551E35 /* Release */ = {
			isa = XCBuildConfiguration;
			buildSettings = {
				ALWAYS_SEARCH_USER_PATHS = NO;
				ASSETCATALOG_COMPILER_GENERATE_SWIFT_ASSET_SYMBOL_EXTENSIONS = YES;
				CLANG_ANALYZER_NONNULL = YES;
				CLANG_ANALYZER_NUMBER_OBJECT_CONVERSION = YES_AGGRESSIVE;
				CLANG_CXX_LANGUAGE_STANDARD = "gnu++20";
				CLANG_ENABLE_MODULES = YES;
				CLANG_ENABLE_OBJC_ARC = YES;
				CLANG_ENABLE_OBJC_WEAK = YES;
				CLANG_WARN_BLOCK_CAPTURE_AUTORELEASING = YES;
				CLANG_WARN_BOOL_CONVERSION = YES;
				CLANG_WARN_COMMA = YES;
				CLANG_WARN_CONSTANT_CONVERSION = YES;
				CLANG_WARN_DEPRECATED_OBJC_IMPLEMENTATIONS = YES;
				CLANG_WARN_DIRECT_OBJC_ISA_USAGE = YES_ERROR;
				CLANG_WARN_DOCUMENTATION_COMMENTS = YES;
				CLANG_WARN_EMPTY_BODY = YES;
				CLANG_WARN_ENUM_CONVERSION = YES;
				CLANG_WARN_INFINITE_RECURSION = YES;
				CLANG_WARN_INT_CONVERSION = YES;
				CLANG_WARN_NON_LITERAL_NULL_CONVERSION = YES;
				CLANG_WARN_OBJC_IMPLICIT_RETAIN_SELF = YES;
				CLANG_WARN_OBJC_LITERAL_CONVERSION = YES;
				CLANG_WARN_OBJC_ROOT_CLASS = YES_ERROR;
				CLANG_WARN_QUOTED_INCLUDE_IN_FRAMEWORK_HEADER = YES;
				CLANG_WARN_RANGE_LOOP_ANALYSIS = YES;
				CLANG_WARN_STRICT_PROTOTYPES = YES;
				CLANG_WARN_SUSPICIOUS_MOVE = YES;
				CLANG_WARN_UNGUARDED_AVAILABILITY = YES_AGGRESSIVE;
				CLANG_WARN_UNREACHABLE_CODE = YES;
				CLANG_WARN__DUPLICATE_METHOD_MATCH = YES;
				COPY_PHASE_STRIP = NO;
				DEBUG_INFORMATION_FORMAT = "dwarf-with-dsym";
				ENABLE_NS_ASSERTIONS = NO;
				ENABLE_STRICT_OBJC_MSGSEND = YES;
				ENABLE_USER_SCRIPT_SANDBOXING = YES;
				GCC_C_LANGUAGE_STANDARD = gnu17;
				GCC_NO_COMMON_BLOCKS = YES;
				GCC_WARN_64_TO_32_BIT_CONVERSION = YES;
				GCC_WARN_ABOUT_RETURN_TYPE = YES_ERROR;
				GCC_WARN_UNDECLARED_SELECTOR = YES;
				GCC_WARN_UNINITIALIZED_AUTOS = YES_AGGRESSIVE;
				GCC_WARN_UNUSED_FUNCTION = YES;
				GCC_WARN_UNUSED_VARIABLE = YES;
				IPHONEOS_DEPLOYMENT_TARGET = 18.1;
				LOCALIZATION_PREFERS_STRING_CATALOGS = YES;
				MTL_ENABLE_DEBUG_INFO = NO;
				MTL_FAST_MATH = YES;
				SDKROOT = iphoneos;
				SWIFT_COMPILATION_MODE = wholemodule;
				VALIDATE_PRODUCT = YES;
			};
			name = Release;
		};
		41FED5212E09C38800551E35 /* Debug */ = {
			isa = XCBuildConfiguration;
			buildSettings = {
				ASSETCATALOG_COMPILER_APPICON_NAME = AppIcon;
				ASSETCATALOG_COMPILER_GLOBAL_ACCENT_COLOR_NAME = AccentColor;
				CODE_SIGN_STYLE = Automatic;
				CURRENT_PROJECT_VERSION = 1;
				DEVELOPMENT_ASSET_PATHS = "\"DatalyrTestApp/Preview Content\"";
				DEVELOPMENT_TEAM = UDPQ7DK7L3;
				ENABLE_PREVIEWS = YES;
				GENERATE_INFOPLIST_FILE = YES;
				INFOPLIST_KEY_UIApplicationSceneManifest_Generation = YES;
				INFOPLIST_KEY_UIApplicationSupportsIndirectInputEvents = YES;
				INFOPLIST_KEY_UILaunchScreen_Generation = YES;
				INFOPLIST_KEY_UISupportedInterfaceOrientations_iPad = "UIInterfaceOrientationPortrait UIInterfaceOrientationPortraitUpsideDown UIInterfaceOrientationLandscapeLeft UIInterfaceOrientationLandscapeRight";
				INFOPLIST_KEY_UISupportedInterfaceOrientations_iPhone = "UIInterfaceOrientationPortrait UIInterfaceOrientationLandscapeLeft UIInterfaceOrientationLandscapeRight";
				LD_RUNPATH_SEARCH_PATHS = (
					"$(inherited)",
					"@executable_path/Frameworks",
				);
				MARKETING_VERSION = 1.0;
				PRODUCT_BUNDLE_IDENTIFIER = com.test.datalyrapp.DatalyrTestApp;
				PRODUCT_NAME = "$(TARGET_NAME)";
				SUPPORTED_PLATFORMS = "iphoneos iphonesimulator";
				SUPPORTS_MACCATALYST = NO;
				SUPPORTS_MAC_DESIGNED_FOR_IPHONE_IPAD = NO;
				SUPPORTS_XR_DESIGNED_FOR_IPHONE_IPAD = NO;
				SWIFT_EMIT_LOC_STRINGS = YES;
				SWIFT_VERSION = 5.0;
				TARGETED_DEVICE_FAMILY = "1,2";
			};
			name = Debug;
		};
		41FED5222E09C38800551E35 /* Release */ = {
			isa = XCBuildConfiguration;
			buildSettings = {
				ASSETCATALOG_COMPILER_APPICON_NAME = AppIcon;
				ASSETCATALOG_COMPILER_GLOBAL_ACCENT_COLOR_NAME = AccentColor;
				CODE_SIGN_STYLE = Automatic;
				CURRENT_PROJECT_VERSION = 1;
				DEVELOPMENT_ASSET_PATHS = "\"DatalyrTestApp/Preview Content\"";
				DEVELOPMENT_TEAM = UDPQ7DK7L3;
				ENABLE_PREVIEWS = YES;
				GENERATE_INFOPLIST_FILE = YES;
				INFOPLIST_KEY_UIApplicationSceneManifest_Generation = YES;
				INFOPLIST_KEY_UIApplicationSupportsIndirectInputEvents = YES;
				INFOPLIST_KEY_UILaunchScreen_Generation = YES;
				INFOPLIST_KEY_UISupportedInterfaceOrientations_iPad = "UIInterfaceOrientationPortrait UIInterfaceOrientationPortraitUpsideDown UIInterfaceOrientationLandscapeLeft UIInterfaceOrientationLandscapeRight";
				INFOPLIST_KEY_UISupportedInterfaceOrientations_iPhone = "UIInterfaceOrientationPortrait UIInterfaceOrientationLandscapeLeft UIInterfaceOrientationLandscapeRight";
				LD_RUNPATH_SEARCH_PATHS = (
					"$(inherited)",
					"@executable_path/Frameworks",
				);
				MARKETING_VERSION = 1.0;
				PRODUCT_BUNDLE_IDENTIFIER = com.test.datalyrapp.DatalyrTestApp;
				PRODUCT_NAME = "$(TARGET_NAME)";
				SUPPORTED_PLATFORMS = "iphoneos iphonesimulator";
				SUPPORTS_MACCATALYST = NO;
				SUPPORTS_MAC_DESIGNED_FOR_IPHONE_IPAD = NO;
				SUPPORTS_XR_DESIGNED_FOR_IPHONE_IPAD = NO;
				SWIFT_EMIT_LOC_STRINGS = YES;
				SWIFT_VERSION = 5.0;
				TARGETED_DEVICE_FAMILY = "1,2";
			};
			name = Release;
		};
		41FED5242E09C38800551E35 /* Debug */ = {
			isa = XCBuildConfiguration;
			buildSettings = {
				BUNDLE_LOADER = "$(TEST_HOST)";
				CODE_SIGN_STYLE = Automatic;
				CURRENT_PROJECT_VERSION = 1;
				GENERATE_INFOPLIST_FILE = YES;
				IPHONEOS_DEPLOYMENT_TARGET = 18.1;
				MARKETING_VERSION = 1.0;
				PRODUCT_BUNDLE_IDENTIFIER = com.test.datalyrapp.DatalyrTestAppTests;
				PRODUCT_NAME = "$(TARGET_NAME)";
				SWIFT_EMIT_LOC_STRINGS = NO;
				SWIFT_VERSION = 5.0;
				TARGETED_DEVICE_FAMILY = "1,2";
				TEST_HOST = "$(BUILT_PRODUCTS_DIR)/DatalyrTestApp.app/$(BUNDLE_EXECUTABLE_FOLDER_PATH)/DatalyrTestApp";
			};
			name = Debug;
		};
		41FED5252E09C38800551E35 /* Release */ = {
			isa = XCBuildConfiguration;
			buildSettings = {
				BUNDLE_LOADER = "$(TEST_HOST)";
				CODE_SIGN_STYLE = Automatic;
				CURRENT_PROJECT_VERSION = 1;
				GENERATE_INFOPLIST_FILE = YES;
				IPHONEOS_DEPLOYMENT_TARGET = 18.1;
				MARKETING_VERSION = 1.0;
				PRODUCT_BUNDLE_IDENTIFIER = com.test.datalyrapp.DatalyrTestAppTests;
				PRODUCT_NAME = "$(TARGET_NAME)";
				SWIFT_EMIT_LOC_STRINGS = NO;
				SWIFT_VERSION = 5.0;
				TARGETED_DEVICE_FAMILY = "1,2";
				TEST_HOST = "$(BUILT_PRODUCTS_DIR)/DatalyrTestApp.app/$(BUNDLE_EXECUTABLE_FOLDER_PATH)/DatalyrTestApp";
			};
			name = Release;
		};
		41FED5272E09C38800551E35 /* Debug */ = {
			isa = XCBuildConfiguration;
			buildSettings = {
				CODE_SIGN_STYLE = Automatic;
				CURRENT_PROJECT_VERSION = 1;
				GENERATE_INFOPLIST_FILE = YES;
				MARKETING_VERSION = 1.0;
				PRODUCT_BUNDLE_IDENTIFIER = com.test.datalyrapp.DatalyrTestAppUITests;
				PRODUCT_NAME = "$(TARGET_NAME)";
				SWIFT_EMIT_LOC_STRINGS = NO;
				SWIFT_VERSION = 5.0;
				TARGETED_DEVICE_FAMILY = "1,2";
				TEST_TARGET_NAME = DatalyrTestApp;
			};
			name = Debug;
		};
		41FED5282E09C38800551E35 /* Release */ = {
			isa = XCBuildConfiguration;
			buildSettings = {
				CODE_SIGN_STYLE = Automatic;
				CURRENT_PROJECT_VERSION = 1;
				GENERATE_INFOPLIST_FILE = YES;
				MARKETING_VERSION = 1.0;
				PRODUCT_BUNDLE_IDENTIFIER = com.test.datalyrapp.DatalyrTestAppUITests;
				PRODUCT_NAME = "$(TARGET_NAME)";
				SWIFT_EMIT_LOC_STRINGS = NO;
				SWIFT_VERSION = 5.0;
				TARGETED_DEVICE_FAMILY = "1,2";
				TEST_TARGET_NAME = DatalyrTestApp;
			};
			name = Release;
		};
/* End XCBuildConfiguration section */

/* Begin XCConfigurationList section */
		41FED4F72E09C38700551E35 /* Build configuration list for PBXProject "DatalyrTestApp" */ = {
			isa = XCConfigurationList;
			buildConfigurations = (
				41FED51E2E09C38800551E35 /* Debug */,
				41FED51F2E09C38800551E35 /* Release */,
			);
			defaultConfigurationIsVisible = 0;
			defaultConfigurationName = Release;
		};
		41FED5202E09C38800551E35 /* Build configuration list for PBXNativeTarget "DatalyrTestApp" */ = {
			isa = XCConfigurationList;
			buildConfigurations = (
				41FED5212E09C38800551E35 /* Debug */,
				41FED5222E09C38800551E35 /* Release */,
			);
			defaultConfigurationIsVisible = 0;
			defaultConfigurationName = Release;
		};
		41FED5232E09C38800551E35 /* Build configuration list for PBXNativeTarget "DatalyrTestAppTests" */ = {
			isa = XCConfigurationList;
			buildConfigurations = (
				41FED5242E09C38800551E35 /* Debug */,
				41FED5252E09C38800551E35 /* Release */,
			);
			defaultConfigurationIsVisible = 0;
			defaultConfigurationName = Release;
		};
		41FED5262E09C38800551E35 /* Build configuration list for PBXNativeTarget "DatalyrTestAppUITests" */ = {
			isa = XCConfigurationList;
			buildConfigurations = (
				41FED5272E09C38800551E35 /* Debug */,
				41FED5282E09C38800551E35 /* Release */,
			);
			defaultConfigurationIsVisible = 0;
			defaultConfigurationName = Release;
		};
/* End XCConfigurationList section */

/* Begin XCRemoteSwiftPackageReference section */
		41FED5292E09C4A300551E35 /* XCRemoteSwiftPackageReference "datalyr-ios-sdk" */ = {
			isa = XCRemoteSwiftPackageReference;
			repositoryURL = "https://github.com/datalyr/datalyr-ios-sdk";
			requirement = {
				branch = main;
				kind = branch;
			};
		};
/* End XCRemoteSwiftPackageReference section */

/* Begin XCSwiftPackageProductDependency section */
		41FED52A2E09C4A300551E35 /* DatalyrSDK */ = {
			isa = XCSwiftPackageProductDependency;
			package = 41FED5292E09C4A300551E35 /* XCRemoteSwiftPackageReference "datalyr-ios-sdk" */;
			productName = DatalyrSDK;
		};
/* End XCSwiftPackageProductDependency section */
	};
	rootObject = 41FED4F42E09C38700551E35 /* Project object */;
}
