// !$*UTF8*$!
{
	archiveVersion = 1;
	classes = {
	};
	objectVersion = 77;
	objects = {

/* Begin PBXBuildFile section */
		41A8A4162E09CF4600E81123 /* DatalyrSDK in Frameworks */ = {isa = PBXBuildFile; productRef = 41A8A4152E09CF4600E81123 /* DatalyrSDK */; };
/* End PBXBuildFile section */

/* Begin PBXContainerItemProxy section */
		41A8A3E62E09CE4F00E81123 /* PBXContainerItemProxy */ = {
			isa = PBXContainerItemProxy;
			containerPortal = 41A8A3CD2E09CE4E00E81123 /* Project object */;
			proxyType = 1;
			remoteGlobalIDString = 41A8A3D42E09CE4E00E81123;
			remoteInfo = DatalyrTestApp;
		};
		41A8A3F02E09CE4F00E81123 /* PBXContainerItemProxy */ = {
			isa = PBXContainerItemProxy;
			containerPortal = 41A8A3CD2E09CE4E00E81123 /* Project object */;
			proxyType = 1;
			remoteGlobalIDString = 41A8A3D42E09CE4E00E81123;
			remoteInfo = DatalyrTestApp;
		};
/* End PBXContainerItemProxy section */

/* Begin PBXFileReference section */
		41A8A3D52E09CE4E00E81123 /* DatalyrTestApp.app */ = {isa = PBXFileReference; explicitFileType = wrapper.application; includeInIndex = 0; path = DatalyrTestApp.app; sourceTree = BUILT_PRODUCTS_DIR; };
		41A8A3E52E09CE4F00E81123 /* DatalyrTestAppTests.xctest */ = {isa = PBXFileReference; explicitFileType = wrapper.cfbundle; includeInIndex = 0; path = DatalyrTestAppTests.xctest; sourceTree = BUILT_PRODUCTS_DIR; };
		41A8A3EF2E09CE4F00E81123 /* DatalyrTestAppUITests.xctest */ = {isa = PBXFileReference; explicitFileType = wrapper.cfbundle; includeInIndex = 0; path = DatalyrTestAppUITests.xctest; sourceTree = BUILT_PRODUCTS_DIR; };
/* End PBXFileReference section */

/* Begin PBXFileSystemSynchronizedRootGroup section */
		41A8A3D72E09CE4E00E81123 /* DatalyrTestApp */ = {
			isa = PBXFileSystemSynchronizedRootGroup;
			path = DatalyrTestApp;
			sourceTree = "<group>";
		};
		41A8A3E82E09CE4F00E81123 /* DatalyrTestAppTests */ = {
			isa = PBXFileSystemSynchronizedRootGroup;
			path = DatalyrTestAppTests;
			sourceTree = "<group>";
		};
		41A8A3F22E09CE4F00E81123 /* DatalyrTestAppUITests */ = {
			isa = PBXFileSystemSynchronizedRootGroup;
			path = DatalyrTestAppUITests;
			sourceTree = "<group>";
		};
/* End PBXFileSystemSynchronizedRootGroup section */

/* Begin PBXFrameworksBuildPhase section */
		41A8A3D22E09CE4E00E81123 /* Frameworks */ = {
			isa = PBXFrameworksBuildPhase;
			buildActionMask = 2147483647;
			files = (
				41A8A4162E09CF4600E81123 /* DatalyrSDK in Frameworks */,
			);
			runOnlyForDeploymentPostprocessing = 0;
		};
		41A8A3E22E09CE4F00E81123 /* Frameworks */ = {
			isa = PBXFrameworksBuildPhase;
			buildActionMask = 2147483647;
			files = (
			);
			runOnlyForDeploymentPostprocessing = 0;
		};
		41A8A3EC2E09CE4F00E81123 /* Frameworks */ = {
			isa = PBXFrameworksBuildPhase;
			buildActionMask = 2147483647;
			files = (
			);
			runOnlyForDeploymentPostprocessing = 0;
		};
/* End PBXFrameworksBuildPhase section */

/* Begin PBXGroup section */
		41A8A3CC2E09CE4E00E81123 = {
			isa = PBXGroup;
			children = (
				41A8A3D72E09CE4E00E81123 /* DatalyrTestApp */,
				41A8A3E82E09CE4F00E81123 /* DatalyrTestAppTests */,
				41A8A3F22E09CE4F00E81123 /* DatalyrTestAppUITests */,
				41A8A3D62E09CE4E00E81123 /* Products */,
			);
			sourceTree = "<group>";
		};
		41A8A3D62E09CE4E00E81123 /* Products */ = {
			isa = PBXGroup;
			children = (
				41A8A3D52E09CE4E00E81123 /* DatalyrTestApp.app */,
				41A8A3E52E09CE4F00E81123 /* DatalyrTestAppTests.xctest */,
				41A8A3EF2E09CE4F00E81123 /* DatalyrTestAppUITests.xctest */,
			);
			name = Products;
			sourceTree = "<group>";
		};
/* End PBXGroup section */

/* Begin PBXNativeTarget section */
		41A8A3D42E09CE4E00E81123 /* DatalyrTestApp */ = {
			isa = PBXNativeTarget;
			buildConfigurationList = 41A8A3F92E09CE4F00E81123 /* Build configuration list for PBXNativeTarget "DatalyrTestApp" */;
			buildPhases = (
				41A8A3D12E09CE4E00E81123 /* Sources */,
				41A8A3D22E09CE4E00E81123 /* Frameworks */,
				41A8A3D32E09CE4E00E81123 /* Resources */,
			);
			buildRules = (
			);
			dependencies = (
			);
			fileSystemSynchronizedGroups = (
				41A8A3D72E09CE4E00E81123 /* DatalyrTestApp */,
			);
			name = DatalyrTestApp;
			packageProductDependencies = (
				41A8A4152E09CF4600E81123 /* DatalyrSDK */,
			);
			productName = DatalyrTestApp;
			productReference = 41A8A3D52E09CE4E00E81123 /* DatalyrTestApp.app */;
			productType = "com.apple.product-type.application";
		};
		41A8A3E42E09CE4F00E81123 /* DatalyrTestAppTests */ = {
			isa = PBXNativeTarget;
			buildConfigurationList = 41A8A3FC2E09CE4F00E81123 /* Build configuration list for PBXNativeTarget "DatalyrTestAppTests" */;
			buildPhases = (
				41A8A3E12E09CE4F00E81123 /* Sources */,
				41A8A3E22E09CE4F00E81123 /* Frameworks */,
				41A8A3E32E09CE4F00E81123 /* Resources */,
			);
			buildRules = (
			);
			dependencies = (
				41A8A3E72E09CE4F00E81123 /* PBXTargetDependency */,
			);
			fileSystemSynchronizedGroups = (
				41A8A3E82E09CE4F00E81123 /* DatalyrTestAppTests */,
			);
			name = DatalyrTestAppTests;
			packageProductDependencies = (
			);
			productName = DatalyrTestAppTests;
			productReference = 41A8A3E52E09CE4F00E81123 /* DatalyrTestAppTests.xctest */;
			productType = "com.apple.product-type.bundle.unit-test";
		};
		41A8A3EE2E09CE4F00E81123 /* DatalyrTestAppUITests */ = {
			isa = PBXNativeTarget;
			buildConfigurationList = 41A8A3FF2E09CE4F00E81123 /* Build configuration list for PBXNativeTarget "DatalyrTestAppUITests" */;
			buildPhases = (
				41A8A3EB2E09CE4F00E81123 /* Sources */,
				41A8A3EC2E09CE4F00E81123 /* Frameworks */,
				41A8A3ED2E09CE4F00E81123 /* Resources */,
			);
			buildRules = (
			);
			dependencies = (
				41A8A3F12E09CE4F00E81123 /* PBXTargetDependency */,
			);
			fileSystemSynchronizedGroups = (
				41A8A3F22E09CE4F00E81123 /* DatalyrTestAppUITests */,
			);
			name = DatalyrTestAppUITests;
			packageProductDependencies = (
			);
			productName = DatalyrTestAppUITests;
			productReference = 41A8A3EF2E09CE4F00E81123 /* DatalyrTestAppUITests.xctest */;
			productType = "com.apple.product-type.bundle.ui-testing";
		};
/* End PBXNativeTarget section */

/* Begin PBXProject section */
		41A8A3CD2E09CE4E00E81123 /* Project object */ = {
			isa = PBXProject;
			attributes = {
				BuildIndependentTargetsInParallel = 1;
				LastSwiftUpdateCheck = 1610;
				LastUpgradeCheck = 1610;
				TargetAttributes = {
					41A8A3D42E09CE4E00E81123 = {
						CreatedOnToolsVersion = 16.1;
					};
					41A8A3E42E09CE4F00E81123 = {
						CreatedOnToolsVersion = 16.1;
						TestTargetID = 41A8A3D42E09CE4E00E81123;
					};
					41A8A3EE2E09CE4F00E81123 = {
						CreatedOnToolsVersion = 16.1;
						TestTargetID = 41A8A3D42E09CE4E00E81123;
					};
				};
			};
			buildConfigurationList = 41A8A3D02E09CE4E00E81123 /* Build configuration list for PBXProject "DatalyrTestApp" */;
			developmentRegion = en;
			hasScannedForEncodings = 0;
			knownRegions = (
				en,
				Base,
			);
			mainGroup = 41A8A3CC2E09CE4E00E81123;
			minimizedProjectReferenceProxies = 1;
			packageReferences = (
				41A8A4142E09CF4600E81123 /* XCLocalSwiftPackageReference "../../datalyr-ios-sdk" */,
			);
			preferredProjectObjectVersion = 77;
			productRefGroup = 41A8A3D62E09CE4E00E81123 /* Products */;
			projectDirPath = "";
			projectRoot = "";
			targets = (
				41A8A3D42E09CE4E00E81123 /* DatalyrTestApp */,
				41A8A3E42E09CE4F00E81123 /* DatalyrTestAppTests */,
				41A8A3EE2E09CE4F00E81123 /* DatalyrTestAppUITests */,
			);
		};
/* End PBXProject section */

/* Begin PBXResourcesBuildPhase section */
		41A8A3D32E09CE4E00E81123 /* Resources */ = {
			isa = PBXResourcesBuildPhase;
			buildActionMask = 2147483647;
			files = (
			);
			runOnlyForDeploymentPostprocessing = 0;
		};
		41A8A3E32E09CE4F00E81123 /* Resources */ = {
			isa = PBXResourcesBuildPhase;
			buildActionMask = 2147483647;
			files = (
			);
			runOnlyForDeploymentPostprocessing = 0;
		};
		41A8A3ED2E09CE4F00E81123 /* Resources */ = {
			isa = PBXResourcesBuildPhase;
			buildActionMask = 2147483647;
			files = (
			);
			runOnlyForDeploymentPostprocessing = 0;
		};
/* End PBXResourcesBuildPhase section */

/* Begin PBXSourcesBuildPhase section */
		41A8A3D12E09CE4E00E81123 /* Sources */ = {
			isa = PBXSourcesBuildPhase;
			buildActionMask = 2147483647;
			files = (
			);
			runOnlyForDeploymentPostprocessing = 0;
		};
		41A8A3E12E09CE4F00E81123 /* Sources */ = {
			isa = PBXSourcesBuildPhase;
			buildActionMask = 2147483647;
			files = (
			);
			runOnlyForDeploymentPostprocessing = 0;
		};
		41A8A3EB2E09CE4F00E81123 /* Sources */ = {
			isa = PBXSourcesBuildPhase;
			buildActionMask = 2147483647;
			files = (
			);
			runOnlyForDeploymentPostprocessing = 0;
		};
/* End PBXSourcesBuildPhase section */

/* Begin PBXTargetDependency section */
		41A8A3E72E09CE4F00E81123 /* PBXTargetDependency */ = {
			isa = PBXTargetDependency;
			target = 41A8A3D42E09CE4E00E81123 /* DatalyrTestApp */;
			targetProxy = 41A8A3E62E09CE4F00E81123 /* PBXContainerItemProxy */;
		};
		41A8A3F12E09CE4F00E81123 /* PBXTargetDependency */ = {
			isa = PBXTargetDependency;
			target = 41A8A3D42E09CE4E00E81123 /* DatalyrTestApp */;
			targetProxy = 41A8A3F02E09CE4F00E81123 /* PBXContainerItemProxy */;
		};
/* End PBXTargetDependency section */

/* Begin XCBuildConfiguration section */
		41A8A3F72E09CE4F00E81123 /* Debug */ = {
			isa = XCBuildConfiguration;
			buildSettings = {
				ALWAYS_SEARCH_USER_PATHS = NO;
				ASSETCATALOG_COMPILER_GENERATE_SWIFT_ASSET_SYMBOL_EXTENSIONS = YES;
				CLANG_ANALYZER_NONNULL = YES;
				CLANG_ANALYZER_NUMBER_OBJECT_CONVERSION = YES_AGGRESSIVE;
				CLANG_CXX_LANGUAGE_STANDARD = "gnu++20";
				CLANG_ENABLE_MODULES = YES;
				CLANG_ENABLE_OBJC_ARC = YES;
				CLANG_ENABLE_OBJC_WEAK = YES;
				CLANG_WARN_BLOCK_CAPTURE_AUTORELEASING = YES;
				CLANG_WARN_BOOL_CONVERSION = YES;
				CLANG_WARN_COMMA = YES;
				CLANG_WARN_CONSTANT_CONVERSION = YES;
				CLANG_WARN_DEPRECATED_OBJC_IMPLEMENTATIONS = YES;
				CLANG_WARN_DIRECT_OBJC_ISA_USAGE = YES_ERROR;
				CLANG_WARN_DOCUMENTATION_COMMENTS = YES;
				CLANG_WARN_EMPTY_BODY = YES;
				CLANG_WARN_ENUM_CONVERSION = YES;
				CLANG_WARN_INFINITE_RECURSION = YES;
				CLANG_WARN_INT_CONVERSION = YES;
				CLANG_WARN_NON_LITERAL_NULL_CONVERSION = YES;
				CLANG_WARN_OBJC_IMPLICIT_RETAIN_SELF = YES;
				CLANG_WARN_OBJC_LITERAL_CONVERSION = YES;
				CLANG_WARN_OBJC_ROOT_CLASS = YES_ERROR;
				CLANG_WARN_QUOTED_INCLUDE_IN_FRAMEWORK_HEADER = YES;
				CLANG_WARN_RANGE_LOOP_ANALYSIS = YES;
				CLANG_WARN_STRICT_PROTOTYPES = YES;
				CLANG_WARN_SUSPICIOUS_MOVE = YES;
				CLANG_WARN_UNGUARDED_AVAILABILITY = YES_AGGRESSIVE;
				CLANG_WARN_UNREACHABLE_CODE = YES;
				CLANG_WARN__DUPLICATE_METHOD_MATCH = YES;
				COPY_PHASE_STRIP = NO;
				DEBUG_INFORMATION_FORMAT = dwarf;
				ENABLE_STRICT_OBJC_MSGSEND = YES;
				ENABLE_TESTABILITY = YES;
				ENABLE_USER_SCRIPT_SANDBOXING = YES;
				GCC_C_LANGUAGE_STANDARD = gnu17;
				GCC_DYNAMIC_NO_PIC = NO;
				GCC_NO_COMMON_BLOCKS = YES;
				GCC_OPTIMIZATION_LEVEL = 0;
				GCC_PREPROCESSOR_DEFINITIONS = (
					"DEBUG=1",
					"$(inherited)",
				);
				GCC_WARN_64_TO_32_BIT_CONVERSION = YES;
				GCC_WARN_ABOUT_RETURN_TYPE = YES_ERROR;
				GCC_WARN_UNDECLARED_SELECTOR = YES;
				GCC_WARN_UNINITIALIZED_AUTOS = YES_AGGRESSIVE;
				GCC_WARN_UNUSED_FUNCTION = YES;
				GCC_WARN_UNUSED_VARIABLE = YES;
				IPHONEOS_DEPLOYMENT_TARGET = 18.1;
				LOCALIZATION_PREFERS_STRING_CATALOGS = YES;
				MTL_ENABLE_DEBUG_INFO = INCLUDE_SOURCE;
				MTL_FAST_MATH = YES;
				ONLY_ACTIVE_ARCH = YES;
				SDKROOT = iphoneos;
				SWIFT_ACTIVE_COMPILATION_CONDITIONS = "DEBUG $(inherited)";
				SWIFT_OPTIMIZATION_LEVEL = "-Onone";
			};
			name = Debug;
		};
		41A8A3F82E09CE4F00E81123 /* Release */ = {
			isa = XCBuildConfiguration;
			buildSettings = {
				ALWAYS_SEARCH_USER_PATHS = NO;
				ASSETCATALOG_COMPILER_GENERATE_SWIFT_ASSET_SYMBOL_EXTENSIONS = YES;
				CLANG_ANALYZER_NONNULL = YES;
				CLANG_ANALYZER_NUMBER_OBJECT_CONVERSION = YES_AGGRESSIVE;
				CLANG_CXX_LANGUAGE_STANDARD = "gnu++20";
				CLANG_ENABLE_MODULES = YES;
				CLANG_ENABLE_OBJC_ARC = YES;
				CLANG_ENABLE_OBJC_WEAK = YES;
				CLANG_WARN_BLOCK_CAPTURE_AUTORELEASING = YES;
				CLANG_WARN_BOOL_CONVERSION = YES;
				CLANG_WARN_COMMA = YES;
				CLANG_WARN_CONSTANT_CONVERSION = YES;
				CLANG_WARN_DEPRECATED_OBJC_IMPLEMENTATIONS = YES;
				CLANG_WARN_DIRECT_OBJC_ISA_USAGE = YES_ERROR;
				CLANG_WARN_DOCUMENTATION_COMMENTS = YES;
				CLANG_WARN_EMPTY_BODY = YES;
				CLANG_WARN_ENUM_CONVERSION = YES;
				CLANG_WARN_INFINITE_RECURSION = YES;
				CLANG_WARN_INT_CONVERSION = YES;
				CLANG_WARN_NON_LITERAL_NULL_CONVERSION = YES;
				CLANG_WARN_OBJC_IMPLICIT_RETAIN_SELF = YES;
				CLANG_WARN_OBJC_LITERAL_CONVERSION = YES;
				CLANG_WARN_OBJC_ROOT_CLASS = YES_ERROR;
				CLANG_WARN_QUOTED_INCLUDE_IN_FRAMEWORK_HEADER = YES;
				CLANG_WARN_RANGE_LOOP_ANALYSIS = YES;
				CLANG_WARN_STRICT_PROTOTYPES = YES;
				CLANG_WARN_SUSPICIOUS_MOVE = YES;
				CLANG_WARN_UNGUARDED_AVAILABILITY = YES_AGGRESSIVE;
				CLANG_WARN_UNREACHABLE_CODE = YES;
				CLANG_WARN__DUPLICATE_METHOD_MATCH = YES;
				COPY_PHASE_STRIP = NO;
				DEBUG_INFORMATION_FORMAT = "dwarf-with-dsym";
				ENABLE_NS_ASSERTIONS = NO;
				ENABLE_STRICT_OBJC_MSGSEND = YES;
				ENABLE_USER_SCRIPT_SANDBOXING = YES;
				GCC_C_LANGUAGE_STANDARD = gnu17;
				GCC_NO_COMMON_BLOCKS = YES;
				GCC_WARN_64_TO_32_BIT_CONVERSION = YES;
				GCC_WARN_ABOUT_RETURN_TYPE = YES_ERROR;
				GCC_WARN_UNDECLARED_SELECTOR = YES;
				GCC_WARN_UNINITIALIZED_AUTOS = YES_AGGRESSIVE;
				GCC_WARN_UNUSED_FUNCTION = YES;
				GCC_WARN_UNUSED_VARIABLE = YES;
				IPHONEOS_DEPLOYMENT_TARGET = 18.1;
				LOCALIZATION_PREFERS_STRING_CATALOGS = YES;
				MTL_ENABLE_DEBUG_INFO = NO;
				MTL_FAST_MATH = YES;
				SDKROOT = iphoneos;
				SWIFT_COMPILATION_MODE = wholemodule;
				VALIDATE_PRODUCT = YES;
			};
			name = Release;
		};
		41A8A3FA2E09CE4F00E81123 /* Debug */ = {
			isa = XCBuildConfiguration;
			buildSettings = {
				ASSETCATALOG_COMPILER_APPICON_NAME = AppIcon;
				ASSETCATALOG_COMPILER_GLOBAL_ACCENT_COLOR_NAME = AccentColor;
				CODE_SIGN_STYLE = Automatic;
				CURRENT_PROJECT_VERSION = 1;
				DEVELOPMENT_ASSET_PATHS = "\"DatalyrTestApp/Preview Content\"";
				DEVELOPMENT_TEAM = UDPQ7DK7L3;
				ENABLE_PREVIEWS = YES;
				GENERATE_INFOPLIST_FILE = YES;
				INFOPLIST_KEY_UIApplicationSceneManifest_Generation = YES;
				INFOPLIST_KEY_UIApplicationSupportsIndirectInputEvents = YES;
				INFOPLIST_KEY_UILaunchScreen_Generation = YES;
				INFOPLIST_KEY_UISupportedInterfaceOrientations_iPad = "UIInterfaceOrientationPortrait UIInterfaceOrientationPortraitUpsideDown UIInterfaceOrientationLandscapeLeft UIInterfaceOrientationLandscapeRight";
				INFOPLIST_KEY_UISupportedInterfaceOrientations_iPhone = "UIInterfaceOrientationPortrait UIInterfaceOrientationLandscapeLeft UIInterfaceOrientationLandscapeRight";
				LD_RUNPATH_SEARCH_PATHS = (
					"$(inherited)",
					"@executable_path/Frameworks",
				);
				MARKETING_VERSION = 1.0;
				PRODUCT_BUNDLE_IDENTIFIER = com.test.datalyrapp.DatalyrTestApp;
				PRODUCT_NAME = "$(TARGET_NAME)";
				SWIFT_EMIT_LOC_STRINGS = YES;
				SWIFT_VERSION = 5.0;
				TARGETED_DEVICE_FAMILY = "1,2";
			};
			name = Debug;
		};
		41A8A3FB2E09CE4F00E81123 /* Release */ = {
			isa = XCBuildConfiguration;
			buildSettings = {
				ASSETCATALOG_COMPILER_APPICON_NAME = AppIcon;
				ASSETCATALOG_COMPILER_GLOBAL_ACCENT_COLOR_NAME = AccentColor;
				CODE_SIGN_STYLE = Automatic;
				CURRENT_PROJECT_VERSION = 1;
				DEVELOPMENT_ASSET_PATHS = "\"DatalyrTestApp/Preview Content\"";
				DEVELOPMENT_TEAM = UDPQ7DK7L3;
				ENABLE_PREVIEWS = YES;
				GENERATE_INFOPLIST_FILE = YES;
				INFOPLIST_KEY_UIApplicationSceneManifest_Generation = YES;
				INFOPLIST_KEY_UIApplicationSupportsIndirectInputEvents = YES;
				INFOPLIST_KEY_UILaunchScreen_Generation = YES;
				INFOPLIST_KEY_UISupportedInterfaceOrientations_iPad = "UIInterfaceOrientationPortrait UIInterfaceOrientationPortraitUpsideDown UIInterfaceOrientationLandscapeLeft UIInterfaceOrientationLandscapeRight";
				INFOPLIST_KEY_UISupportedInterfaceOrientations_iPhone = "UIInterfaceOrientationPortrait UIInterfaceOrientationLandscapeLeft UIInterfaceOrientationLandscapeRight";
				LD_RUNPATH_SEARCH_PATHS = (
					"$(inherited)",
					"@executable_path/Frameworks",
				);
				MARKETING_VERSION = 1.0;
				PRODUCT_BUNDLE_IDENTIFIER = com.test.datalyrapp.DatalyrTestApp;
				PRODUCT_NAME = "$(TARGET_NAME)";
				SWIFT_EMIT_LOC_STRINGS = YES;
				SWIFT_VERSION = 5.0;
				TARGETED_DEVICE_FAMILY = "1,2";
			};
			name = Release;
		};
		41A8A3FD2E09CE4F00E81123 /* Debug */ = {
			isa = XCBuildConfiguration;
			buildSettings = {
				BUNDLE_LOADER = "$(TEST_HOST)";
				CODE_SIGN_STYLE = Automatic;
				CURRENT_PROJECT_VERSION = 1;
				DEVELOPMENT_TEAM = UDPQ7DK7L3;
				GENERATE_INFOPLIST_FILE = YES;
				IPHONEOS_DEPLOYMENT_TARGET = 18.1;
				MARKETING_VERSION = 1.0;
				PRODUCT_BUNDLE_IDENTIFIER = com.test.datalyrapp.DatalyrTestAppTests;
				PRODUCT_NAME = "$(TARGET_NAME)";
				SWIFT_EMIT_LOC_STRINGS = NO;
				SWIFT_VERSION = 5.0;
				TARGETED_DEVICE_FAMILY = "1,2";
				TEST_HOST = "$(BUILT_PRODUCTS_DIR)/DatalyrTestApp.app/$(BUNDLE_EXECUTABLE_FOLDER_PATH)/DatalyrTestApp";
			};
			name = Debug;
		};
		41A8A3FE2E09CE4F00E81123 /* Release */ = {
			isa = XCBuildConfiguration;
			buildSettings = {
				BUNDLE_LOADER = "$(TEST_HOST)";
				CODE_SIGN_STYLE = Automatic;
				CURRENT_PROJECT_VERSION = 1;
				DEVELOPMENT_TEAM = UDPQ7DK7L3;
				GENERATE_INFOPLIST_FILE = YES;
				IPHONEOS_DEPLOYMENT_TARGET = 18.1;
				MARKETING_VERSION = 1.0;
				PRODUCT_BUNDLE_IDENTIFIER = com.test.datalyrapp.DatalyrTestAppTests;
				PRODUCT_NAME = "$(TARGET_NAME)";
				SWIFT_EMIT_LOC_STRINGS = NO;
				SWIFT_VERSION = 5.0;
				TARGETED_DEVICE_FAMILY = "1,2";
				TEST_HOST = "$(BUILT_PRODUCTS_DIR)/DatalyrTestApp.app/$(BUNDLE_EXECUTABLE_FOLDER_PATH)/DatalyrTestApp";
			};
			name = Release;
		};
		41A8A4002E09CE4F00E81123 /* Debug */ = {
			isa = XCBuildConfiguration;
			buildSettings = {
				CODE_SIGN_STYLE = Automatic;
				CURRENT_PROJECT_VERSION = 1;
				DEVELOPMENT_TEAM = UDPQ7DK7L3;
				GENERATE_INFOPLIST_FILE = YES;
				MARKETING_VERSION = 1.0;
				PRODUCT_BUNDLE_IDENTIFIER = com.test.datalyrapp.DatalyrTestAppUITests;
				PRODUCT_NAME = "$(TARGET_NAME)";
				SWIFT_EMIT_LOC_STRINGS = NO;
				SWIFT_VERSION = 5.0;
				TARGETED_DEVICE_FAMILY = "1,2";
				TEST_TARGET_NAME = DatalyrTestApp;
			};
			name = Debug;
		};
		41A8A4012E09CE4F00E81123 /* Release */ = {
			isa = XCBuildConfiguration;
			buildSettings = {
				CODE_SIGN_STYLE = Automatic;
				CURRENT_PROJECT_VERSION = 1;
				DEVELOPMENT_TEAM = UDPQ7DK7L3;
				GENERATE_INFOPLIST_FILE = YES;
				MARKETING_VERSION = 1.0;
				PRODUCT_BUNDLE_IDENTIFIER = com.test.datalyrapp.DatalyrTestAppUITests;
				PRODUCT_NAME = "$(TARGET_NAME)";
				SWIFT_EMIT_LOC_STRINGS = NO;
				SWIFT_VERSION = 5.0;
				TARGETED_DEVICE_FAMILY = "1,2";
				TEST_TARGET_NAME = DatalyrTestApp;
			};
			name = Release;
		};
/* End XCBuildConfiguration section */

/* Begin XCConfigurationList section */
		41A8A3D02E09CE4E00E81123 /* Build configuration list for PBXProject "DatalyrTestApp" */ = {
			isa = XCConfigurationList;
			buildConfigurations = (
				41A8A3F72E09CE4F00E81123 /* Debug */,
				41A8A3F82E09CE4F00E81123 /* Release */,
			);
			defaultConfigurationIsVisible = 0;
			defaultConfigurationName = Release;
		};
		41A8A3F92E09CE4F00E81123 /* Build configuration list for PBXNativeTarget "DatalyrTestApp" */ = {
			isa = XCConfigurationList;
			buildConfigurations = (
				41A8A3FA2E09CE4F00E81123 /* Debug */,
				41A8A3FB2E09CE4F00E81123 /* Release */,
			);
			defaultConfigurationIsVisible = 0;
			defaultConfigurationName = Release;
		};
		41A8A3FC2E09CE4F00E81123 /* Build configuration list for PBXNativeTarget "DatalyrTestAppTests" */ = {
			isa = XCConfigurationList;
			buildConfigurations = (
				41A8A3FD2E09CE4F00E81123 /* Debug */,
				41A8A3FE2E09CE4F00E81123 /* Release */,
			);
			defaultConfigurationIsVisible = 0;
			defaultConfigurationName = Release;
		};
		41A8A3FF2E09CE4F00E81123 /* Build configuration list for PBXNativeTarget "DatalyrTestAppUITests" */ = {
			isa = XCConfigurationList;
			buildConfigurations = (
				41A8A4002E09CE4F00E81123 /* Debug */,
				41A8A4012E09CE4F00E81123 /* Release */,
			);
			defaultConfigurationIsVisible = 0;
			defaultConfigurationName = Release;
		};
/* End XCConfigurationList section */

/* Begin XCLocalSwiftPackageReference section */
		41A8A4142E09CF4600E81123 /* XCLocalSwiftPackageReference "../../datalyr-ios-sdk" */ = {
			isa = XCLocalSwiftPackageReference;
			relativePath = "../../datalyr-ios-sdk";
		};
/* End XCLocalSwiftPackageReference section */

/* Begin XCSwiftPackageProductDependency section */
		41A8A4152E09CF4600E81123 /* DatalyrSDK */ = {
			isa = XCSwiftPackageProductDependency;
			productName = DatalyrSDK;
		};
/* End XCSwiftPackageProductDependency section */
	};
	rootObject = 41A8A3CD2E09CE4E00E81123 /* Project object */;
}
